
Microsoft Visual Studio Solution File, Format Version 12.00
# Visual Studio 2012
Project("{FAE04EC0-301F-11D3-BF4B-00C04F79EFBC}") = "Zuehlke.Zmapp.Services.Contracts", "Zuehlke.Zmapp.Services.Contracts\Zuehlke.Zmapp.Services.Contracts.csproj", "{C67B9670-075B-4196-B868-CABAAD068941}"
EndProject
Project("{FAE04EC0-301F-11D3-BF4B-00C04F79EFBC}") = "Zuehlke.Zmapp.Services.Host", "Zuehlke.Zmapp.Services.Host\Zuehlke.Zmapp.Services.Host.csproj", "{55EE5F96-33FA-4437-BE98-5F33B03A6FD7}"
EndProject
Project("{FAE04EC0-301F-11D3-BF4B-00C04F79EFBC}") = "Zuehlke.Zmapp.Wpf", "Zuehlke.Zmapp.Wpf\Zuehlke.Zmapp.Wpf.csproj", "{8D13B199-3D1F-4C23-BFE0-501D78DC5EDA}"
	ProjectSection(ProjectDependencies) = postProject
		{55EE5F96-33FA-4437-BE98-5F33B03A6FD7} = {55EE5F96-33FA-4437-BE98-5F33B03A6FD7}
	EndProjectSection
EndProject
Project("{FAE04EC0-301F-11D3-BF4B-00C04F79EFBC}") = "Zuehlke.Zmapp.Services", "Zuehlke.Zmapp.Services\Zuehlke.Zmapp.Services.csproj", "{B7EC1CF4-0AB3-43DC-B299-EB7D41ADA67C}"
EndProject
Project("{FAE04EC0-301F-11D3-BF4B-00C04F79EFBC}") = "Zuehlke.Zmapp.Services.Test", "Zuehlke.Zmapp.Services.Test\Zuehlke.Zmapp.Services.Test.csproj", "{64F393DC-FBCD-4EBC-9867-C405C40B9618}"
EndProject
Project("{FAE04EC0-301F-11D3-BF4B-00C04F79EFBC}") = "Zuehlke.Zmapp.WebApp", "Zuehlke.Zmapp.WebApp\Zuehlke.Zmapp.WebApp.csproj", "{985CEB0E-FFEF-40BB-8F01-A79040FD903F}"
EndProject
Project("{FAE04EC0-301F-11D3-BF4B-00C04F79EFBC}") = "Zuehlke.Zmapp.Wpf.Test", "Zuehlke.Zmapp.Wpf.Tests\Zuehlke.Zmapp.Wpf.Test.csproj", "{0890954D-311C-42AA-97A0-2DC0AFE65415}"
EndProject
Project("{2150E333-8FDC-42A3-9474-1A3956D46DE8}") = ".nuget", ".nuget", "{67C7BA1C-235F-40CD-98BF-922365F2D394}"
	ProjectSection(SolutionItems) = preProject
		.nuget\NuGet.Config = .nuget\NuGet.Config
		.nuget\NuGet.exe = .nuget\NuGet.exe
		.nuget\NuGet.targets = .nuget\NuGet.targets
	EndProjectSection
EndProject
Project("{2150E333-8FDC-42A3-9474-1A3956D46DE8}") = "Data", "Data", "{D32E2929-8256-4598-95D9-90C9749A6864}"
	ProjectSection(SolutionItems) = preProject
		Customers.xml = Customers.xml
		Employees.xml = Employees.xml
	EndProjectSection
EndProject
Project("{FAE04EC0-301F-11D3-BF4B-00C04F79EFBC}") = "Zuehlke.Zmapp.Services.Client", "Zuehlke.Zmapp.Services.Client\Zuehlke.Zmapp.Services.Client.csproj", "{45924065-7CA6-4445-B34D-28C371B7F7E3}"
EndProject
Project("{FAE04EC0-301F-11D3-BF4B-00C04F79EFBC}") = "Zuehlke.Zmapp.RestService", "Zuehlke.Zmapp.RestService\Zuehlke.Zmapp.RestService.csproj", "{33BEC27B-3915-4287-9338-7AF2AFC8511C}"
EndProject
Global
	GlobalSection(SolutionConfigurationPlatforms) = preSolution
		Debug|Any CPU = Debug|Any CPU
		Release|Any CPU = Release|Any CPU
	EndGlobalSection
	GlobalSection(ProjectConfigurationPlatforms) = postSolution
		{C67B9670-075B-4196-B868-CABAAD068941}.Debug|Any CPU.ActiveCfg = Debug|Any CPU
		{C67B9670-075B-4196-B868-CABAAD068941}.Debug|Any CPU.Build.0 = Debug|Any CPU
		{C67B9670-075B-4196-B868-CABAAD068941}.Release|Any CPU.ActiveCfg = Release|Any CPU
		{C67B9670-075B-4196-B868-CABAAD068941}.Release|Any CPU.Build.0 = Release|Any CPU
		{55EE5F96-33FA-4437-BE98-5F33B03A6FD7}.Debug|Any CPU.ActiveCfg = Debug|Any CPU
		{55EE5F96-33FA-4437-BE98-5F33B03A6FD7}.Debug|Any CPU.Build.0 = Debug|Any CPU
		{55EE5F96-33FA-4437-BE98-5F33B03A6FD7}.Release|Any CPU.ActiveCfg = Release|Any CPU
		{55EE5F96-33FA-4437-BE98-5F33B03A6FD7}.Release|Any CPU.Build.0 = Release|Any CPU
		{8D13B199-3D1F-4C23-BFE0-501D78DC5EDA}.Debug|Any CPU.ActiveCfg = Debug|Any CPU
		{8D13B199-3D1F-4C23-BFE0-501D78DC5EDA}.Debug|Any CPU.Build.0 = Debug|Any CPU
		{8D13B199-3D1F-4C23-BFE0-501D78DC5EDA}.Release|Any CPU.ActiveCfg = Release|Any CPU
		{8D13B199-3D1F-4C23-BFE0-501D78DC5EDA}.Release|Any CPU.Build.0 = Release|Any CPU
		{B7EC1CF4-0AB3-43DC-B299-EB7D41ADA67C}.Debug|Any CPU.ActiveCfg = Debug|Any CPU
		{B7EC1CF4-0AB3-43DC-B299-EB7D41ADA67C}.Debug|Any CPU.Build.0 = Debug|Any CPU
		{B7EC1CF4-0AB3-43DC-B299-EB7D41ADA67C}.Release|Any CPU.ActiveCfg = Release|Any CPU
		{B7EC1CF4-0AB3-43DC-B299-EB7D41ADA67C}.Release|Any CPU.Build.0 = Release|Any CPU
		{64F393DC-FBCD-4EBC-9867-C405C40B9618}.Debug|Any CPU.ActiveCfg = Debug|Any CPU
		{64F393DC-FBCD-4EBC-9867-C405C40B9618}.Debug|Any CPU.Build.0 = Debug|Any CPU
		{64F393DC-FBCD-4EBC-9867-C405C40B9618}.Release|Any CPU.ActiveCfg = Release|Any CPU
		{64F393DC-FBCD-4EBC-9867-C405C40B9618}.Release|Any CPU.Build.0 = Release|Any CPU
		{985CEB0E-FFEF-40BB-8F01-A79040FD903F}.Debug|Any CPU.ActiveCfg = Debug|Any CPU
		{985CEB0E-FFEF-40BB-8F01-A79040FD903F}.Debug|Any CPU.Build.0 = Debug|Any CPU
		{985CEB0E-FFEF-40BB-8F01-A79040FD903F}.Release|Any CPU.ActiveCfg = Release|Any CPU
		{985CEB0E-FFEF-40BB-8F01-A79040FD903F}.Release|Any CPU.Build.0 = Release|Any CPU
		{0890954D-311C-42AA-97A0-2DC0AFE65415}.Debug|Any CPU.ActiveCfg = Debug|Any CPU
		{0890954D-311C-42AA-97A0-2DC0AFE65415}.Debug|Any CPU.Build.0 = Debug|Any CPU
		{0890954D-311C-42AA-97A0-2DC0AFE65415}.Release|Any CPU.ActiveCfg = Release|Any CPU
		{0890954D-311C-42AA-97A0-2DC0AFE65415}.Release|Any CPU.Build.0 = Release|Any CPU
		{45924065-7CA6-4445-B34D-28C371B7F7E3}.Debug|Any CPU.ActiveCfg = Debug|Any CPU
		{45924065-7CA6-4445-B34D-28C371B7F7E3}.Debug|Any CPU.Build.0 = Debug|Any CPU
		{45924065-7CA6-4445-B34D-28C371B7F7E3}.Release|Any CPU.ActiveCfg = Release|Any CPU
		{45924065-7CA6-4445-B34D-28C371B7F7E3}.Release|Any CPU.Build.0 = Release|Any CPU
		{33BEC27B-3915-4287-9338-7AF2AFC8511C}.Debug|Any CPU.ActiveCfg = Debug|Any CPU
		{33BEC27B-3915-4287-9338-7AF2AFC8511C}.Debug|Any CPU.Build.0 = Debug|Any CPU
		{33BEC27B-3915-4287-9338-7AF2AFC8511C}.Release|Any CPU.ActiveCfg = Release|Any CPU
		{33BEC27B-3915-4287-9338-7AF2AFC8511C}.Release|Any CPU.Build.0 = Release|Any CPU
	EndGlobalSection
	GlobalSection(SolutionProperties) = preSolution
		HideSolutionNode = FALSE
	EndGlobalSection
EndGlobal
